// !$*UTF8*$!
{
	archiveVersion = 1;
	classes = {
	};
	objectVersion = 50;
	objects = {

/* Begin PBXBuildFile section */
		6048CEC2002766970F476724 /* Pods_Slider.framework in Frameworks */ = {isa = PBXBuildFile; fileRef = 17B5D48731287DF43885DC2E /* Pods_Slider.framework */; };
		8448FEDF227C382400456ED1 /* SlideImage.swift in Sources */ = {isa = PBXBuildFile; fileRef = 8448FEDE227C382400456ED1 /* SlideImage.swift */; };
		8448FEE5227C434200456ED1 /* Assets.xcassets in Resources */ = {isa = PBXBuildFile; fileRef = 8448FEE4227C434200456ED1 /* Assets.xcassets */; };
		84E66507227C44FB001490C1 /* bgm.mp3 in Resources */ = {isa = PBXBuildFile; fileRef = 84E66506227C44FB001490C1 /* bgm.mp3 */; };
		84E6650D227C782E001490C1 /* SlideCell.swift in Sources */ = {isa = PBXBuildFile; fileRef = 84E6650C227C782E001490C1 /* SlideCell.swift */; };
		84E6650F227C9128001490C1 /* DataModel.swift in Sources */ = {isa = PBXBuildFile; fileRef = 84E6650E227C9128001490C1 /* DataModel.swift */; };
		84EAD92E227C2C290083769A /* AppDelegate.swift in Sources */ = {isa = PBXBuildFile; fileRef = 84EAD92D227C2C290083769A /* AppDelegate.swift */; };
		84EAD930227C2C290083769A /* ViewController.swift in Sources */ = {isa = PBXBuildFile; fileRef = 84EAD92F227C2C290083769A /* ViewController.swift */; };
		84EAD933227C2C290083769A /* Main.storyboard in Resources */ = {isa = PBXBuildFile; fileRef = 84EAD931227C2C290083769A /* Main.storyboard */; };
		84EAD936227C2C290083769A /* Slider.xcdatamodeld in Sources */ = {isa = PBXBuildFile; fileRef = 84EAD934227C2C290083769A /* Slider.xcdatamodeld */; };
		84EAD93B227C2C2A0083769A /* LaunchScreen.storyboard in Resources */ = {isa = PBXBuildFile; fileRef = 84EAD939227C2C2A0083769A /* LaunchScreen.storyboard */; };
/* End PBXBuildFile section */

/* Begin PBXFileReference section */
		17B5D48731287DF43885DC2E /* Pods_Slider.framework */ = {isa = PBXFileReference; explicitFileType = wrapper.framework; includeInIndex = 0; path = Pods_Slider.framework; sourceTree = BUILT_PRODUCTS_DIR; };
		8448FEDE227C382400456ED1 /* SlideImage.swift */ = {isa = PBXFileReference; lastKnownFileType = sourcecode.swift; path = SlideImage.swift; sourceTree = "<group>"; };
		8448FEE4227C434200456ED1 /* Assets.xcassets */ = {isa = PBXFileReference; lastKnownFileType = folder.assetcatalog; path = Assets.xcassets; sourceTree = "<group>"; };
		84E66506227C44FB001490C1 /* bgm.mp3 */ = {isa = PBXFileReference; lastKnownFileType = audio.mp3; path = bgm.mp3; sourceTree = "<group>"; };
		84E6650C227C782E001490C1 /* SlideCell.swift */ = {isa = PBXFileReference; lastKnownFileType = sourcecode.swift; path = SlideCell.swift; sourceTree = "<group>"; };
		84E6650E227C9128001490C1 /* DataModel.swift */ = {isa = PBXFileReference; lastKnownFileType = sourcecode.swift; path = DataModel.swift; sourceTree = "<group>"; };
		84EAD92A227C2C290083769A /* Slider.app */ = {isa = PBXFileReference; explicitFileType = wrapper.application; includeInIndex = 0; path = Slider.app; sourceTree = BUILT_PRODUCTS_DIR; };
		84EAD92D227C2C290083769A /* AppDelegate.swift */ = {isa = PBXFileReference; lastKnownFileType = sourcecode.swift; path = AppDelegate.swift; sourceTree = "<group>"; };
		84EAD92F227C2C290083769A /* ViewController.swift */ = {isa = PBXFileReference; lastKnownFileType = sourcecode.swift; path = ViewController.swift; sourceTree = "<group>"; };
		84EAD932227C2C290083769A /* Base */ = {isa = PBXFileReference; lastKnownFileType = file.storyboard; name = Base; path = Base.lproj/Main.storyboard; sourceTree = "<group>"; };
		84EAD935227C2C290083769A /* Slider.xcdatamodel */ = {isa = PBXFileReference; lastKnownFileType = wrapper.xcdatamodel; path = Slider.xcdatamodel; sourceTree = "<group>"; };
		84EAD93A227C2C2A0083769A /* Base */ = {isa = PBXFileReference; lastKnownFileType = file.storyboard; name = Base; path = Base.lproj/LaunchScreen.storyboard; sourceTree = "<group>"; };
		84EAD93C227C2C2A0083769A /* Info.plist */ = {isa = PBXFileReference; lastKnownFileType = text.plist.xml; path = Info.plist; sourceTree = "<group>"; };
		913DD877CF7DABABDC461749 /* Pods-Slider.release.xcconfig */ = {isa = PBXFileReference; includeInIndex = 1; lastKnownFileType = text.xcconfig; name = "Pods-Slider.release.xcconfig"; path = "Target Support Files/Pods-Slider/Pods-Slider.release.xcconfig"; sourceTree = "<group>"; };
		F402664F4347BD6FA47BADF3 /* Pods-Slider.debug.xcconfig */ = {isa = PBXFileReference; includeInIndex = 1; lastKnownFileType = text.xcconfig; name = "Pods-Slider.debug.xcconfig"; path = "Target Support Files/Pods-Slider/Pods-Slider.debug.xcconfig"; sourceTree = "<group>"; };
/* End PBXFileReference section */

/* Begin PBXFrameworksBuildPhase section */
		84EAD927227C2C290083769A /* Frameworks */ = {
			isa = PBXFrameworksBuildPhase;
			buildActionMask = 2147483647;
			files = (
				6048CEC2002766970F476724 /* Pods_Slider.framework in Frameworks */,
			);
			runOnlyForDeploymentPostprocessing = 0;
		};
/* End PBXFrameworksBuildPhase section */

/* Begin PBXGroup section */
		542AF0B41B3D93BBA6805C88 /* Frameworks */ = {
			isa = PBXGroup;
			children = (
				17B5D48731287DF43885DC2E /* Pods_Slider.framework */,
			);
			name = Frameworks;
			sourceTree = "<group>";
		};
		841FDA70227D90F6004E0AB8 /* ViewModel */ = {
			isa = PBXGroup;
			children = (
				84E6650E227C9128001490C1 /* DataModel.swift */,
			);
			path = ViewModel;
			sourceTree = "<group>";
		};
		84EAD921227C2C290083769A = {
			isa = PBXGroup;
			children = (
				84EAD92C227C2C290083769A /* Slider */,
				84EAD92B227C2C290083769A /* Products */,
				F9F803707DF387487E58D498 /* Pods */,
				542AF0B41B3D93BBA6805C88 /* Frameworks */,
			);
			sourceTree = "<group>";
		};
		84EAD92B227C2C290083769A /* Products */ = {
			isa = PBXGroup;
			children = (
				84EAD92A227C2C290083769A /* Slider.app */,
			);
			name = Products;
			sourceTree = "<group>";
		};
		84EAD92C227C2C290083769A /* Slider */ = {
			isa = PBXGroup;
			children = (
				84E66506227C44FB001490C1 /* bgm.mp3 */,
				8448FEE4227C434200456ED1 /* Assets.xcassets */,
				84EAD92D227C2C290083769A /* AppDelegate.swift */,
				8448FEDE227C382400456ED1 /* SlideImage.swift */,
				84EAD942227C32750083769A /* View */,
				84EAD939227C2C2A0083769A /* LaunchScreen.storyboard */,
				84EAD93C227C2C2A0083769A /* Info.plist */,
				84EAD934227C2C290083769A /* Slider.xcdatamodeld */,
				841FDA70227D90F6004E0AB8 /* ViewModel */,
			);
			path = Slider;
			sourceTree = "<group>";
		};
		84EAD942227C32750083769A /* View */ = {
			isa = PBXGroup;
			children = (
				84EAD92F227C2C290083769A /* ViewController.swift */,
				84E6650C227C782E001490C1 /* SlideCell.swift */,
				84EAD931227C2C290083769A /* Main.storyboard */,
			);
			path = View;
			sourceTree = "<group>";
		};
		F9F803707DF387487E58D498 /* Pods */ = {
			isa = PBXGroup;
			children = (
				F402664F4347BD6FA47BADF3 /* Pods-Slider.debug.xcconfig */,
				913DD877CF7DABABDC461749 /* Pods-Slider.release.xcconfig */,
			);
			path = Pods;
			sourceTree = "<group>";
		};
/* End PBXGroup section */

/* Begin PBXNativeTarget section */
		84EAD929227C2C290083769A /* Slider */ = {
			isa = PBXNativeTarget;
			buildConfigurationList = 84EAD93F227C2C2A0083769A /* Build configuration list for PBXNativeTarget "Slider" */;
			buildPhases = (
				BBCA7C8611B783473FAECDFA /* [CP] Check Pods Manifest.lock */,
				84EAD926227C2C290083769A /* Sources */,
				84EAD927227C2C290083769A /* Frameworks */,
				84EAD928227C2C290083769A /* Resources */,
				49F696AEEB06368F5483E2C7 /* [CP] Embed Pods Frameworks */,
			);
			buildRules = (
			);
			dependencies = (
			);
			name = Slider;
			productName = Slider;
			productReference = 84EAD92A227C2C290083769A /* Slider.app */;
			productType = "com.apple.product-type.application";
		};
/* End PBXNativeTarget section */

/* Begin PBXProject section */
		84EAD922227C2C290083769A /* Project object */ = {
			isa = PBXProject;
			attributes = {
				LastSwiftUpdateCheck = 1010;
				LastUpgradeCheck = 1010;
				ORGANIZATIONNAME = Sarannya;
				TargetAttributes = {
					84EAD929227C2C290083769A = {
						CreatedOnToolsVersion = 10.1;
					};
				};
			};
			buildConfigurationList = 84EAD925227C2C290083769A /* Build configuration list for PBXProject "Slider" */;
			compatibilityVersion = "Xcode 9.3";
			developmentRegion = en;
			hasScannedForEncodings = 0;
			knownRegions = (
				en,
				Base,
			);
			mainGroup = 84EAD921227C2C290083769A;
			productRefGroup = 84EAD92B227C2C290083769A /* Products */;
			projectDirPath = "";
			projectRoot = "";
			targets = (
				84EAD929227C2C290083769A /* Slider */,
			);
		};
/* End PBXProject section */

/* Begin PBXResourcesBuildPhase section */
		84EAD928227C2C290083769A /* Resources */ = {
			isa = PBXResourcesBuildPhase;
			buildActionMask = 2147483647;
			files = (
				84EAD93B227C2C2A0083769A /* LaunchScreen.storyboard in Resources */,
				8448FEE5227C434200456ED1 /* Assets.xcassets in Resources */,
				84EAD933227C2C290083769A /* Main.storyboard in Resources */,
				84E66507227C44FB001490C1 /* bgm.mp3 in Resources */,
			);
			runOnlyForDeploymentPostprocessing = 0;
		};
/* End PBXResourcesBuildPhase section */

/* Begin PBXShellScriptBuildPhase section */
		49F696AEEB06368F5483E2C7 /* [CP] Embed Pods Frameworks */ = {
			isa = PBXShellScriptBuildPhase;
			buildActionMask = 2147483647;
			files = (
			);
			inputFileListPaths = (
			);
			inputPaths = (
				"${PODS_ROOT}/Target Support Files/Pods-Slider/Pods-Slider-frameworks.sh",
				"${BUILT_PRODUCTS_DIR}/OpalImagePicker/OpalImagePicker.framework",
				"${BUILT_PRODUCTS_DIR}/SlideShowMaker/SlideShowMaker.framework",
			);
			name = "[CP] Embed Pods Frameworks";
			outputFileListPaths = (
			);
			outputPaths = (
				"${TARGET_BUILD_DIR}/${FRAMEWORKS_FOLDER_PATH}/OpalImagePicker.framework",
				"${TARGET_BUILD_DIR}/${FRAMEWORKS_FOLDER_PATH}/SlideShowMaker.framework",
			);
			runOnlyForDeploymentPostprocessing = 0;
			shellPath = /bin/sh;
			shellScript = "\"${PODS_ROOT}/Target Support Files/Pods-Slider/Pods-Slider-frameworks.sh\"\n";
			showEnvVarsInLog = 0;
		};
		BBCA7C8611B783473FAECDFA /* [CP] Check Pods Manifest.lock */ = {
			isa = PBXShellScriptBuildPhase;
			buildActionMask = 2147483647;
			files = (
			);
			inputFileListPaths = (
			);
			inputPaths = (
				"${PODS_PODFILE_DIR_PATH}/Podfile.lock",
				"${PODS_ROOT}/Manifest.lock",
			);
			name = "[CP] Check Pods Manifest.lock";
			outputFileListPaths = (
			);
			outputPaths = (
				"$(DERIVED_FILE_DIR)/Pods-Slider-checkManifestLockResult.txt",
			);
			runOnlyForDeploymentPostprocessing = 0;
			shellPath = /bin/sh;
			shellScript = "diff \"${PODS_PODFILE_DIR_PATH}/Podfile.lock\" \"${PODS_ROOT}/Manifest.lock\" > /dev/null\nif [ $? != 0 ] ; then\n    # print error to STDERR\n    echo \"error: The sandbox is not in sync with the Podfile.lock. Run 'pod install' or update your CocoaPods installation.\" >&2\n    exit 1\nfi\n# This output is used by Xcode 'outputs' to avoid re-running this script phase.\necho \"SUCCESS\" > \"${SCRIPT_OUTPUT_FILE_0}\"\n";
			showEnvVarsInLog = 0;
		};
/* End PBXShellScriptBuildPhase section */

/* Begin PBXSourcesBuildPhase section */
		84EAD926227C2C290083769A /* Sources */ = {
			isa = PBXSourcesBuildPhase;
			buildActionMask = 2147483647;
			files = (
				84EAD930227C2C290083769A /* ViewController.swift in Sources */,
				84EAD936227C2C290083769A /* Slider.xcdatamodeld in Sources */,
				84E6650D227C782E001490C1 /* SlideCell.swift in Sources */,
				84EAD92E227C2C290083769A /* AppDelegate.swift in Sources */,
				8448FEDF227C382400456ED1 /* SlideImage.swift in Sources */,
				84E6650F227C9128001490C1 /* DataModel.swift in Sources */,
			);
			runOnlyForDeploymentPostprocessing = 0;
		};
/* End PBXSourcesBuildPhase section */

/* Begin PBXVariantGroup section */
		84EAD931227C2C290083769A /* Main.storyboard */ = {
			isa = PBXVariantGroup;
			children = (
				84EAD932227C2C290083769A /* Base */,
			);
			name = Main.storyboard;
			sourceTree = "<group>";
		};
		84EAD939227C2C2A0083769A /* LaunchScreen.storyboard */ = {
			isa = PBXVariantGroup;
			children = (
				84EAD93A227C2C2A0083769A /* Base */,
			);
			name = LaunchScreen.storyboard;
			sourceTree = "<group>";
		};
/* End PBXVariantGroup section */

/* Begin XCBuildConfiguration section */
		84EAD93D227C2C2A0083769A /* Debug */ = {
			isa = XCBuildConfiguration;
			buildSettings = {
				ALWAYS_SEARCH_USER_PATHS = NO;
				CLANG_ANALYZER_NONNULL = YES;
				CLANG_ANALYZER_NUMBER_OBJECT_CONVERSION = YES_AGGRESSIVE;
				CLANG_CXX_LANGUAGE_STANDARD = "gnu++14";
				CLANG_CXX_LIBRARY = "libc++";
				CLANG_ENABLE_MODULES = YES;
				CLANG_ENABLE_OBJC_ARC = YES;
				CLANG_ENABLE_OBJC_WEAK = YES;
				CLANG_WARN_BLOCK_CAPTURE_AUTORELEASING = YES;
				CLANG_WARN_BOOL_CONVERSION = YES;
				CLANG_WARN_COMMA = YES;
				CLANG_WARN_CONSTANT_CONVERSION = YES;
				CLANG_WARN_DEPRECATED_OBJC_IMPLEMENTATIONS = YES;
				CLANG_WARN_DIRECT_OBJC_ISA_USAGE = YES_ERROR;
				CLANG_WARN_DOCUMENTATION_COMMENTS = YES;
				CLANG_WARN_EMPTY_BODY = YES;
				CLANG_WARN_ENUM_CONVERSION = YES;
				CLANG_WARN_INFINITE_RECURSION = YES;
				CLANG_WARN_INT_CONVERSION = YES;
				CLANG_WARN_NON_LITERAL_NULL_CONVERSION = YES;
				CLANG_WARN_OBJC_IMPLICIT_RETAIN_SELF = YES;
				CLANG_WARN_OBJC_LITERAL_CONVERSION = YES;
				CLANG_WARN_OBJC_ROOT_CLASS = YES_ERROR;
				CLANG_WARN_RANGE_LOOP_ANALYSIS = YES;
				CLANG_WARN_STRICT_PROTOTYPES = YES;
				CLANG_WARN_SUSPICIOUS_MOVE = YES;
				CLANG_WARN_UNGUARDED_AVAILABILITY = YES_AGGRESSIVE;
				CLANG_WARN_UNREACHABLE_CODE = YES;
				CLANG_WARN__DUPLICATE_METHOD_MATCH = YES;
				CODE_SIGN_IDENTITY = "iPhone Developer";
				COPY_PHASE_STRIP = NO;
				DEBUG_INFORMATION_FORMAT = dwarf;
				ENABLE_STRICT_OBJC_MSGSEND = YES;
				ENABLE_TESTABILITY = YES;
				GCC_C_LANGUAGE_STANDARD = gnu11;
				GCC_DYNAMIC_NO_PIC = NO;
				GCC_NO_COMMON_BLOCKS = YES;
				GCC_OPTIMIZATION_LEVEL = 0;
				GCC_PREPROCESSOR_DEFINITIONS = (
					"DEBUG=1",
					"$(inherited)",
				);
				GCC_WARN_64_TO_32_BIT_CONVERSION = YES;
				GCC_WARN_ABOUT_RETURN_TYPE = YES_ERROR;
				GCC_WARN_UNDECLARED_SELECTOR = YES;
				GCC_WARN_UNINITIALIZED_AUTOS = YES_AGGRESSIVE;
				GCC_WARN_UNUSED_FUNCTION = YES;
				GCC_WARN_UNUSED_VARIABLE = YES;
				IPHONEOS_DEPLOYMENT_TARGET = 12.1;
				MTL_ENABLE_DEBUG_INFO = INCLUDE_SOURCE;
				MTL_FAST_MATH = YES;
				ONLY_ACTIVE_ARCH = YES;
				SDKROOT = iphoneos;
				SWIFT_ACTIVE_COMPILATION_CONDITIONS = DEBUG;
				SWIFT_OPTIMIZATION_LEVEL = "-Onone";
			};
			name = Debug;
		};
		84EAD93E227C2C2A0083769A /* Release */ = {
			isa = XCBuildConfiguration;
			buildSettings = {
				ALWAYS_SEARCH_USER_PATHS = NO;
				CLANG_ANALYZER_NONNULL = YES;
				CLANG_ANALYZER_NUMBER_OBJECT_CONVERSION = YES_AGGRESSIVE;
				CLANG_CXX_LANGUAGE_STANDARD = "gnu++14";
				CLANG_CXX_LIBRARY = "libc++";
				CLANG_ENABLE_MODULES = YES;
				CLANG_ENABLE_OBJC_ARC = YES;
				CLANG_ENABLE_OBJC_WEAK = YES;
				CLANG_WARN_BLOCK_CAPTURE_AUTORELEASING = YES;
				CLANG_WARN_BOOL_CONVERSION = YES;
				CLANG_WARN_COMMA = YES;
				CLANG_WARN_CONSTANT_CONVERSION = YES;
				CLANG_WARN_DEPRECATED_OBJC_IMPLEMENTATIONS = YES;
				CLANG_WARN_DIRECT_OBJC_ISA_USAGE = YES_ERROR;
				CLANG_WARN_DOCUMENTATION_COMMENTS = YES;
				CLANG_WARN_EMPTY_BODY = YES;
				CLANG_WARN_ENUM_CONVERSION = YES;
				CLANG_WARN_INFINITE_RECURSION = YES;
				CLANG_WARN_INT_CONVERSION = YES;
				CLANG_WARN_NON_LITERAL_NULL_CONVERSION = YES;
				CLANG_WARN_OBJC_IMPLICIT_RETAIN_SELF = YES;
				CLANG_WARN_OBJC_LITERAL_CONVERSION = YES;
				CLANG_WARN_OBJC_ROOT_CLASS = YES_ERROR;
				CLANG_WARN_RANGE_LOOP_ANALYSIS = YES;
				CLANG_WARN_STRICT_PROTOTYPES = YES;
				CLANG_WARN_SUSPICIOUS_MOVE = YES;
				CLANG_WARN_UNGUARDED_AVAILABILITY = YES_AGGRESSIVE;
				CLANG_WARN_UNREACHABLE_CODE = YES;
				CLANG_WARN__DUPLICATE_METHOD_MATCH = YES;
				CODE_SIGN_IDENTITY = "iPhone Developer";
				COPY_PHASE_STRIP = NO;
				DEBUG_INFORMATION_FORMAT = "dwarf-with-dsym";
				ENABLE_NS_ASSERTIONS = NO;
				ENABLE_STRICT_OBJC_MSGSEND = YES;
				GCC_C_LANGUAGE_STANDARD = gnu11;
				GCC_NO_COMMON_BLOCKS = YES;
				GCC_WARN_64_TO_32_BIT_CONVERSION = YES;
				GCC_WARN_ABOUT_RETURN_TYPE = YES_ERROR;
				GCC_WARN_UNDECLARED_SELECTOR = YES;
				GCC_WARN_UNINITIALIZED_AUTOS = YES_AGGRESSIVE;
				GCC_WARN_UNUSED_FUNCTION = YES;
				GCC_WARN_UNUSED_VARIABLE = YES;
				IPHONEOS_DEPLOYMENT_TARGET = 12.1;
				MTL_ENABLE_DEBUG_INFO = NO;
				MTL_FAST_MATH = YES;
				SDKROOT = iphoneos;
				SWIFT_COMPILATION_MODE = wholemodule;
				SWIFT_OPTIMIZATION_LEVEL = "-O";
				VALIDATE_PRODUCT = YES;
			};
			name = Release;
		};
		84EAD940227C2C2A0083769A /* Debug */ = {
			isa = XCBuildConfiguration;
			baseConfigurationReference = F402664F4347BD6FA47BADF3 /* Pods-Slider.debug.xcconfig */;
			buildSettings = {
				ASSETCATALOG_COMPILER_APPICON_NAME = AppIcon;
				CODE_SIGN_STYLE = Automatic;
				DEVELOPMENT_TEAM = JMSA4VXC3F;
				INFOPLIST_FILE = Slider/Info.plist;
				LD_RUNPATH_SEARCH_PATHS = (
					"$(inherited)",
					"@executable_path/Frameworks",
				);
				PRODUCT_BUNDLE_IDENTIFIER = com.sarannyasalim.Slider;
				PRODUCT_NAME = "$(TARGET_NAME)";
				SWIFT_VERSION = 4.2;
				TARGETED_DEVICE_FAMILY = "1,2";
			};
			name = Debug;
		};
		84EAD941227C2C2A0083769A /* Release */ = {
			isa = XCBuildConfiguration;
			baseConfigurationReference = 913DD877CF7DABABDC461749 /* Pods-Slider.release.xcconfig */;
			buildSettings = {
				ASSETCATALOG_COMPILER_APPICON_NAME = AppIcon;
				CODE_SIGN_STYLE = Automatic;
				DEVELOPMENT_TEAM = JMSA4VXC3F;
				INFOPLIST_FILE = Slider/Info.plist;
				LD_RUNPATH_SEARCH_PATHS = (
					"$(inherited)",
					"@executable_path/Frameworks",
				);
				PRODUCT_BUNDLE_IDENTIFIER = com.sarannyasalim.Slider;
				PRODUCT_NAME = "$(TARGET_NAME)";
				SWIFT_VERSION = 4.2;
				TARGETED_DEVICE_FAMILY = "1,2";
			};
			name = Release;
		};
/* End XCBuildConfiguration section */

/* Begin XCConfigurationList section */
		84EAD925227C2C290083769A /* Build configuration list for PBXProject "Slider" */ = {
			isa = XCConfigurationList;
			buildConfigurations = (
				84EAD93D227C2C2A0083769A /* Debug */,
				84EAD93E227C2C2A0083769A /* Release */,
			);
			defaultConfigurationIsVisible = 0;
			defaultConfigurationName = Release;
		};
		84EAD93F227C2C2A0083769A /* Build configuration list for PBXNativeTarget "Slider" */ = {
			isa = XCConfigurationList;
			buildConfigurations = (
				84EAD940227C2C2A0083769A /* Debug */,
				84EAD941227C2C2A0083769A /* Release */,
			);
			defaultConfigurationIsVisible = 0;
			defaultConfigurationName = Release;
		};
/* End XCConfigurationList section */

/* Begin XCVersionGroup section */
		84EAD934227C2C290083769A /* Slider.xcdatamodeld */ = {
			isa = XCVersionGroup;
			children = (
				84EAD935227C2C290083769A /* Slider.xcdatamodel */,
			);
			currentVersion = 84EAD935227C2C290083769A /* Slider.xcdatamodel */;
			path = Slider.xcdatamodeld;
			sourceTree = "<group>";
			versionGroupType = wrapper.xcdatamodel;
		};
/* End XCVersionGroup section */
	};
	rootObject = 84EAD922227C2C290083769A /* Project object */;
}
